PODS:
  - AFNetworking (3.2.1):
    - AFNetworking/NSURLSession (= 3.2.1)
    - AFNetworking/Reachability (= 3.2.1)
    - AFNetworking/Security (= 3.2.1)
    - AFNetworking/Serialization (= 3.2.1)
    - AFNetworking/UIKit (= 3.2.1)
  - AFNetworking/NSURLSession (3.2.1):
    - AFNetworking/Reachability
    - AFNetworking/Security
    - AFNetworking/Serialization
  - AFNetworking/Reachability (3.2.1)
  - AFNetworking/Security (3.2.1)
  - AFNetworking/Serialization (3.2.1)
  - AFNetworking/UIKit (3.2.1):
    - AFNetworking/NSURLSession
  - DSBarChart (0.4.0)
  - Google-Maps-iOS-Utils (3.4.1):
    - Google-Maps-iOS-Utils/Clustering (= 3.4.1)
    - Google-Maps-iOS-Utils/Geometry (= 3.4.1)
    - Google-Maps-iOS-Utils/Heatmap (= 3.4.1)
    - Google-Maps-iOS-Utils/QuadTree (= 3.4.1)
    - GoogleMaps
  - Google-Maps-iOS-Utils/Clustering (3.4.1):
    - Google-Maps-iOS-Utils/QuadTree
    - GoogleMaps
  - Google-Maps-iOS-Utils/Geometry (3.4.1):
    - GoogleMaps
  - Google-Maps-iOS-Utils/Heatmap (3.4.1):
    - Google-Maps-iOS-Utils/QuadTree
    - GoogleMaps
  - Google-Maps-iOS-Utils/QuadTree (3.4.1):
    - GoogleMaps
  - GoogleMaps (4.0.0):
    - GoogleMaps/Maps (= 4.0.0)
  - GoogleMaps/Base (4.0.0)
  - GoogleMaps/Maps (4.0.0):
    - GoogleMaps/Base

DEPENDENCIES:
  - AFNetworking (~> 3.0)
  - DSBarChart (~> 0.4.0)
  - Google-Maps-iOS-Utils
  - GoogleMaps

SPEC REPOS:
  trunk:
    - AFNetworking
    - DSBarChart
    - Google-Maps-iOS-Utils
    - GoogleMaps

SPEC CHECKSUMS:
  AFNetworking: b6f891fdfaed196b46c7a83cf209e09697b94057
  DSBarChart: a065a2feb580994c443446cd858f157c17079df1
  Google-Maps-iOS-Utils: 9a3bfc50dab84dda55ab7fd1c3af39120798ea57
  GoogleMaps: b7f7fc569a9b354a3af0d9729dbec40957b7d41e

PODFILE CHECKSUM: daab6be2e4f3789647c71c2b92ad5cc22b92ebe6

COCOAPODS: 1.10.0
